// !$*UTF8*$!
{
	archiveVersion = 1;
	classes = {
	};
	objectVersion = 46;
	objects = {

/* Begin PBXBuildFile section */
		02ED56401E67EC6200D7CAF8 /* main.m in Sources */ = {isa = PBXBuildFile; fileRef = 02ED563F1E67EC6200D7CAF8 /* main.m */; };
		02ED56431E67EC6200D7CAF8 /* AppDelegate.m in Sources */ = {isa = PBXBuildFile; fileRef = 02ED56421E67EC6200D7CAF8 /* AppDelegate.m */; };
		02ED56461E67EC6200D7CAF8 /* ViewController.m in Sources */ = {isa = PBXBuildFile; fileRef = 02ED56451E67EC6200D7CAF8 /* ViewController.m */; };
		02ED56491E67EC6200D7CAF8 /* Main.storyboard in Resources */ = {isa = PBXBuildFile; fileRef = 02ED56471E67EC6200D7CAF8 /* Main.storyboard */; };
		02ED564B1E67EC6200D7CAF8 /* Assets.xcassets in Resources */ = {isa = PBXBuildFile; fileRef = 02ED564A1E67EC6200D7CAF8 /* Assets.xcassets */; };
		02ED564E1E67EC6200D7CAF8 /* LaunchScreen.storyboard in Resources */ = {isa = PBXBuildFile; fileRef = 02ED564C1E67EC6200D7CAF8 /* LaunchScreen.storyboard */; };
		02ED56591E67EC6200D7CAF8 /* Ticket_NSThread_Tests.m in Sources */ = {isa = PBXBuildFile; fileRef = 02ED56581E67EC6200D7CAF8 /* Ticket_NSThread_Tests.m */; };
		02ED56641E67EC6200D7CAF8 /* Ticket_NSThread_UITests.m in Sources */ = {isa = PBXBuildFile; fileRef = 02ED56631E67EC6200D7CAF8 /* Ticket_NSThread_UITests.m */; };
/* End PBXBuildFile section */

/* Begin PBXContainerItemProxy section */
		02ED56551E67EC6200D7CAF8 /* PBXContainerItemProxy */ = {
			isa = PBXContainerItemProxy;
			containerPortal = 02ED56331E67EC6200D7CAF8 /* Project object */;
			proxyType = 1;
			remoteGlobalIDString = 02ED563A1E67EC6200D7CAF8;
			remoteInfo = "Ticket(NSThread)";
		};
		02ED56601E67EC6200D7CAF8 /* PBXContainerItemProxy */ = {
			isa = PBXContainerItemProxy;
			containerPortal = 02ED56331E67EC6200D7CAF8 /* Project object */;
			proxyType = 1;
			remoteGlobalIDString = 02ED563A1E67EC6200D7CAF8;
			remoteInfo = "Ticket(NSThread)";
		};
/* End PBXContainerItemProxy section */

/* Begin PBXFileReference section */
		02ED563B1E67EC6200D7CAF8 /* Ticket(NSThread).app */ = {isa = PBXFileReference; explicitFileType = wrapper.application; includeInIndex = 0; path = "Ticket(NSThread).app"; sourceTree = BUILT_PRODUCTS_DIR; };
		02ED563F1E67EC6200D7CAF8 /* main.m */ = {isa = PBXFileReference; lastKnownFileType = sourcecode.c.objc; path = main.m; sourceTree = "<group>"; };
		02ED56411E67EC6200D7CAF8 /* AppDelegate.h */ = {isa = PBXFileReference; lastKnownFileType = sourcecode.c.h; path = AppDelegate.h; sourceTree = "<group>"; };
		02ED56421E67EC6200D7CAF8 /* AppDelegate.m */ = {isa = PBXFileReference; lastKnownFileType = sourcecode.c.objc; path = AppDelegate.m; sourceTree = "<group>"; };
		02ED56441E67EC6200D7CAF8 /* ViewController.h */ = {isa = PBXFileReference; lastKnownFileType = sourcecode.c.h; path = ViewController.h; sourceTree = "<group>"; };
		02ED56451E67EC6200D7CAF8 /* ViewController.m */ = {isa = PBXFileReference; lastKnownFileType = sourcecode.c.objc; path = ViewController.m; sourceTree = "<group>"; };
		02ED56481E67EC6200D7CAF8 /* Base */ = {isa = PBXFileReference; lastKnownFileType = file.storyboard; name = Base; path = Base.lproj/Main.storyboard; sourceTree = "<group>"; };
		02ED564A1E67EC6200D7CAF8 /* Assets.xcassets */ = {isa = PBXFileReference; lastKnownFileType = folder.assetcatalog; path = Assets.xcassets; sourceTree = "<group>"; };
		02ED564D1E67EC6200D7CAF8 /* Base */ = {isa = PBXFileReference; lastKnownFileType = file.storyboard; name = Base; path = Base.lproj/LaunchScreen.storyboard; sourceTree = "<group>"; };
		02ED564F1E67EC6200D7CAF8 /* Info.plist */ = {isa = PBXFileReference; lastKnownFileType = text.plist.xml; path = Info.plist; sourceTree = "<group>"; };
		02ED56541E67EC6200D7CAF8 /* Ticket(NSThread)Tests.xctest */ = {isa = PBXFileReference; explicitFileType = wrapper.cfbundle; includeInIndex = 0; path = "Ticket(NSThread)Tests.xctest"; sourceTree = BUILT_PRODUCTS_DIR; };
		02ED56581E67EC6200D7CAF8 /* Ticket_NSThread_Tests.m */ = {isa = PBXFileReference; lastKnownFileType = sourcecode.c.objc; path = Ticket_NSThread_Tests.m; sourceTree = "<group>"; };
		02ED565A1E67EC6200D7CAF8 /* Info.plist */ = {isa = PBXFileReference; lastKnownFileType = text.plist.xml; path = Info.plist; sourceTree = "<group>"; };
		02ED565F1E67EC6200D7CAF8 /* Ticket(NSThread)UITests.xctest */ = {isa = PBXFileReference; explicitFileType = wrapper.cfbundle; includeInIndex = 0; path = "Ticket(NSThread)UITests.xctest"; sourceTree = BUILT_PRODUCTS_DIR; };
		02ED56631E67EC6200D7CAF8 /* Ticket_NSThread_UITests.m */ = {isa = PBXFileReference; lastKnownFileType = sourcecode.c.objc; path = Ticket_NSThread_UITests.m; sourceTree = "<group>"; };
		02ED56651E67EC6200D7CAF8 /* Info.plist */ = {isa = PBXFileReference; lastKnownFileType = text.plist.xml; path = Info.plist; sourceTree = "<group>"; };
/* End PBXFileReference section */

/* Begin PBXFrameworksBuildPhase section */
		02ED56381E67EC6200D7CAF8 /* Frameworks */ = {
			isa = PBXFrameworksBuildPhase;
			buildActionMask = 2147483647;
			files = (
			);
			runOnlyForDeploymentPostprocessing = 0;
		};
		02ED56511E67EC6200D7CAF8 /* Frameworks */ = {
			isa = PBXFrameworksBuildPhase;
			buildActionMask = 2147483647;
			files = (
			);
			runOnlyForDeploymentPostprocessing = 0;
		};
		02ED565C1E67EC6200D7CAF8 /* Frameworks */ = {
			isa = PBXFrameworksBuildPhase;
			buildActionMask = 2147483647;
			files = (
			);
			runOnlyForDeploymentPostprocessing = 0;
		};
/* End PBXFrameworksBuildPhase section */

/* Begin PBXGroup section */
		02ED56321E67EC6200D7CAF8 = {
			isa = PBXGroup;
			children = (
				02ED563D1E67EC6200D7CAF8 /* Ticket(NSThread) */,
				02ED56571E67EC6200D7CAF8 /* Ticket(NSThread)Tests */,
				02ED56621E67EC6200D7CAF8 /* Ticket(NSThread)UITests */,
				02ED563C1E67EC6200D7CAF8 /* Products */,
			);
			sourceTree = "<group>";
		};
		02ED563C1E67EC6200D7CAF8 /* Products */ = {
			isa = PBXGroup;
			children = (
				02ED563B1E67EC6200D7CAF8 /* Ticket(NSThread).app */,
				02ED56541E67EC6200D7CAF8 /* Ticket(NSThread)Tests.xctest */,
				02ED565F1E67EC6200D7CAF8 /* Ticket(NSThread)UITests.xctest */,
			);
			name = Products;
			sourceTree = "<group>";
		};
		02ED563D1E67EC6200D7CAF8 /* Ticket(NSThread) */ = {
			isa = PBXGroup;
			children = (
				02ED56411E67EC6200D7CAF8 /* AppDelegate.h */,
				02ED56421E67EC6200D7CAF8 /* AppDelegate.m */,
				02ED56441E67EC6200D7CAF8 /* ViewController.h */,
				02ED56451E67EC6200D7CAF8 /* ViewController.m */,
				02ED56471E67EC6200D7CAF8 /* Main.storyboard */,
				02ED564A1E67EC6200D7CAF8 /* Assets.xcassets */,
				02ED564C1E67EC6200D7CAF8 /* LaunchScreen.storyboard */,
				02ED564F1E67EC6200D7CAF8 /* Info.plist */,
				02ED563E1E67EC6200D7CAF8 /* Supporting Files */,
			);
			path = "Ticket(NSThread)";
			sourceTree = "<group>";
		};
		02ED563E1E67EC6200D7CAF8 /* Supporting Files */ = {
			isa = PBXGroup;
			children = (
				02ED563F1E67EC6200D7CAF8 /* main.m */,
			);
			name = "Supporting Files";
			sourceTree = "<group>";
		};
		02ED56571E67EC6200D7CAF8 /* Ticket(NSThread)Tests */ = {
			isa = PBXGroup;
			children = (
				02ED56581E67EC6200D7CAF8 /* Ticket_NSThread_Tests.m */,
				02ED565A1E67EC6200D7CAF8 /* Info.plist */,
			);
			path = "Ticket(NSThread)Tests";
			sourceTree = "<group>";
		};
		02ED56621E67EC6200D7CAF8 /* Ticket(NSThread)UITests */ = {
			isa = PBXGroup;
			children = (
				02ED56631E67EC6200D7CAF8 /* Ticket_NSThread_UITests.m */,
				02ED56651E67EC6200D7CAF8 /* Info.plist */,
			);
			path = "Ticket(NSThread)UITests";
			sourceTree = "<group>";
		};
/* End PBXGroup section */

/* Begin PBXNativeTarget section */
		02ED563A1E67EC6200D7CAF8 /* Ticket(NSThread) */ = {
			isa = PBXNativeTarget;
			buildConfigurationList = 02ED56681E67EC6200D7CAF8 /* Build configuration list for PBXNativeTarget "Ticket(NSThread)" */;
			buildPhases = (
				02ED56371E67EC6200D7CAF8 /* Sources */,
				02ED56381E67EC6200D7CAF8 /* Frameworks */,
				02ED56391E67EC6200D7CAF8 /* Resources */,
			);
			buildRules = (
			);
			dependencies = (
			);
			name = "Ticket(NSThread)";
			productName = "Ticket(NSThread)";
			productReference = 02ED563B1E67EC6200D7CAF8 /* Ticket(NSThread).app */;
			productType = "com.apple.product-type.application";
		};
		02ED56531E67EC6200D7CAF8 /* Ticket(NSThread)Tests */ = {
			isa = PBXNativeTarget;
			buildConfigurationList = 02ED566B1E67EC6200D7CAF8 /* Build configuration list for PBXNativeTarget "Ticket(NSThread)Tests" */;
			buildPhases = (
				02ED56501E67EC6200D7CAF8 /* Sources */,
				02ED56511E67EC6200D7CAF8 /* Frameworks */,
				02ED56521E67EC6200D7CAF8 /* Resources */,
			);
			buildRules = (
			);
			dependencies = (
				02ED56561E67EC6200D7CAF8 /* PBXTargetDependency */,
			);
			name = "Ticket(NSThread)Tests";
			productName = "Ticket(NSThread)Tests";
			productReference = 02ED56541E67EC6200D7CAF8 /* Ticket(NSThread)Tests.xctest */;
			productType = "com.apple.product-type.bundle.unit-test";
		};
		02ED565E1E67EC6200D7CAF8 /* Ticket(NSThread)UITests */ = {
			isa = PBXNativeTarget;
			buildConfigurationList = 02ED566E1E67EC6200D7CAF8 /* Build configuration list for PBXNativeTarget "Ticket(NSThread)UITests" */;
			buildPhases = (
				02ED565B1E67EC6200D7CAF8 /* Sources */,
				02ED565C1E67EC6200D7CAF8 /* Frameworks */,
				02ED565D1E67EC6200D7CAF8 /* Resources */,
			);
			buildRules = (
			);
			dependencies = (
				02ED56611E67EC6200D7CAF8 /* PBXTargetDependency */,
			);
			name = "Ticket(NSThread)UITests";
			productName = "Ticket(NSThread)UITests";
			productReference = 02ED565F1E67EC6200D7CAF8 /* Ticket(NSThread)UITests.xctest */;
			productType = "com.apple.product-type.bundle.ui-testing";
		};
/* End PBXNativeTarget section */

/* Begin PBXProject section */
		02ED56331E67EC6200D7CAF8 /* Project object */ = {
			isa = PBXProject;
			attributes = {
				LastUpgradeCheck = 0820;
				ORGANIZATIONNAME = onefboy;
				TargetAttributes = {
					02ED563A1E67EC6200D7CAF8 = {
						CreatedOnToolsVersion = 8.2.1;
						ProvisioningStyle = Automatic;
					};
					02ED56531E67EC6200D7CAF8 = {
						CreatedOnToolsVersion = 8.2.1;
						ProvisioningStyle = Automatic;
						TestTargetID = 02ED563A1E67EC6200D7CAF8;
					};
					02ED565E1E67EC6200D7CAF8 = {
						CreatedOnToolsVersion = 8.2.1;
						ProvisioningStyle = Automatic;
						TestTargetID = 02ED563A1E67EC6200D7CAF8;
					};
				};
			};
			buildConfigurationList = 02ED56361E67EC6200D7CAF8 /* Build configuration list for PBXProject "Ticket(NSThread)" */;
			compatibilityVersion = "Xcode 3.2";
			developmentRegion = English;
			hasScannedForEncodings = 0;
			knownRegions = (
				en,
				Base,
			);
			mainGroup = 02ED56321E67EC6200D7CAF8;
			productRefGroup = 02ED563C1E67EC6200D7CAF8 /* Products */;
			projectDirPath = "";
			projectRoot = "";
			targets = (
				02ED563A1E67EC6200D7CAF8 /* Ticket(NSThread) */,
				02ED56531E67EC6200D7CAF8 /* Ticket(NSThread)Tests */,
				02ED565E1E67EC6200D7CAF8 /* Ticket(NSThread)UITests */,
			);
		};
/* End PBXProject section */

/* Begin PBXResourcesBuildPhase section */
		02ED56391E67EC6200D7CAF8 /* Resources */ = {
			isa = PBXResourcesBuildPhase;
			buildActionMask = 2147483647;
			files = (
				02ED564E1E67EC6200D7CAF8 /* LaunchScreen.storyboard in Resources */,
				02ED564B1E67EC6200D7CAF8 /* Assets.xcassets in Resources */,
				02ED56491E67EC6200D7CAF8 /* Main.storyboard in Resources */,
			);
			runOnlyForDeploymentPostprocessing = 0;
		};
		02ED56521E67EC6200D7CAF8 /* Resources */ = {
			isa = PBXResourcesBuildPhase;
			buildActionMask = 2147483647;
			files = (
			);
			runOnlyForDeploymentPostprocessing = 0;
		};
		02ED565D1E67EC6200D7CAF8 /* Resources */ = {
			isa = PBXResourcesBuildPhase;
			buildActionMask = 2147483647;
			files = (
			);
			runOnlyForDeploymentPostprocessing = 0;
		};
/* End PBXResourcesBuildPhase section */

/* Begin PBXSourcesBuildPhase section */
		02ED56371E67EC6200D7CAF8 /* Sources */ = {
			isa = PBXSourcesBuildPhase;
			buildActionMask = 2147483647;
			files = (
				02ED56461E67EC6200D7CAF8 /* ViewController.m in Sources */,
				02ED56431E67EC6200D7CAF8 /* AppDelegate.m in Sources */,
				02ED56401E67EC6200D7CAF8 /* main.m in Sources */,
			);
			runOnlyForDeploymentPostprocessing = 0;
		};
		02ED56501E67EC6200D7CAF8 /* Sources */ = {
			isa = PBXSourcesBuildPhase;
			buildActionMask = 2147483647;
			files = (
				02ED56591E67EC6200D7CAF8 /* Ticket_NSThread_Tests.m in Sources */,
			);
			runOnlyForDeploymentPostprocessing = 0;
		};
		02ED565B1E67EC6200D7CAF8 /* Sources */ = {
			isa = PBXSourcesBuildPhase;
			buildActionMask = 2147483647;
			files = (
				02ED56641E67EC6200D7CAF8 /* Ticket_NSThread_UITests.m in Sources */,
			);
			runOnlyForDeploymentPostprocessing = 0;
		};
/* End PBXSourcesBuildPhase section */

/* Begin PBXTargetDependency section */
		02ED56561E67EC6200D7CAF8 /* PBXTargetDependency */ = {
			isa = PBXTargetDependency;
			target = 02ED563A1E67EC6200D7CAF8 /* Ticket(NSThread) */;
			targetProxy = 02ED56551E67EC6200D7CAF8 /* PBXContainerItemProxy */;
		};
		02ED56611E67EC6200D7CAF8 /* PBXTargetDependency */ = {
			isa = PBXTargetDependency;
			target = 02ED563A1E67EC6200D7CAF8 /* Ticket(NSThread) */;
			targetProxy = 02ED56601E67EC6200D7CAF8 /* PBXContainerItemProxy */;
		};
/* End PBXTargetDependency section */

/* Begin PBXVariantGroup section */
		02ED56471E67EC6200D7CAF8 /* Main.storyboard */ = {
			isa = PBXVariantGroup;
			children = (
				02ED56481E67EC6200D7CAF8 /* Base */,
			);
			name = Main.storyboard;
			sourceTree = "<group>";
		};
		02ED564C1E67EC6200D7CAF8 /* LaunchScreen.storyboard */ = {
			isa = PBXVariantGroup;
			children = (
				02ED564D1E67EC6200D7CAF8 /* Base */,
			);
			name = LaunchScreen.storyboard;
			sourceTree = "<group>";
		};
/* End PBXVariantGroup section */

/* Begin XCBuildConfiguration section */
		02ED56661E67EC6200D7CAF8 /* Debug */ = {
			isa = XCBuildConfiguration;
			buildSettings = {
				ALWAYS_SEARCH_USER_PATHS = NO;
				CLANG_ANALYZER_NONNULL = YES;
				CLANG_CXX_LANGUAGE_STANDARD = "gnu++0x";
				CLANG_CXX_LIBRARY = "libc++";
				CLANG_ENABLE_MODULES = YES;
				CLANG_ENABLE_OBJC_ARC = YES;
				CLANG_WARN_BOOL_CONVERSION = YES;
				CLANG_WARN_CONSTANT_CONVERSION = YES;
				CLANG_WARN_DIRECT_OBJC_ISA_USAGE = YES_ERROR;
				CLANG_WARN_DOCUMENTATION_COMMENTS = YES;
				CLANG_WARN_EMPTY_BODY = YES;
				CLANG_WARN_ENUM_CONVERSION = YES;
				CLANG_WARN_INFINITE_RECURSION = YES;
				CLANG_WARN_INT_CONVERSION = YES;
				CLANG_WARN_OBJC_ROOT_CLASS = YES_ERROR;
				CLANG_WARN_SUSPICIOUS_MOVE = YES;
				CLANG_WARN_UNREACHABLE_CODE = YES;
				CLANG_WARN__DUPLICATE_METHOD_MATCH = YES;
				"CODE_SIGN_IDENTITY[sdk=iphoneos*]" = "iPhone Developer";
				COPY_PHASE_STRIP = NO;
				DEBUG_INFORMATION_FORMAT = dwarf;
				ENABLE_STRICT_OBJC_MSGSEND = YES;
				ENABLE_TESTABILITY = YES;
				GCC_C_LANGUAGE_STANDARD = gnu99;
				GCC_DYNAMIC_NO_PIC = NO;
				GCC_NO_COMMON_BLOCKS = YES;
				GCC_OPTIMIZATION_LEVEL = 0;
				GCC_PREPROCESSOR_DEFINITIONS = (
					"DEBUG=1",
					"$(inherited)",
				);
				GCC_WARN_64_TO_32_BIT_CONVERSION = YES;
				GCC_WARN_ABOUT_RETURN_TYPE = YES_ERROR;
				GCC_WARN_UNDECLARED_SELECTOR = YES;
				GCC_WARN_UNINITIALIZED_AUTOS = YES_AGGRESSIVE;
				GCC_WARN_UNUSED_FUNCTION = YES;
				GCC_WARN_UNUSED_VARIABLE = YES;
				IPHONEOS_DEPLOYMENT_TARGET = 10.2;
				MTL_ENABLE_DEBUG_INFO = YES;
				ONLY_ACTIVE_ARCH = YES;
				SDKROOT = iphoneos;
			};
			name = Debug;
		};
		02ED56671E67EC6200D7CAF8 /* Release */ = {
			isa = XCBuildConfiguration;
			buildSettings = {
				ALWAYS_SEARCH_USER_PATHS = NO;
				CLANG_ANALYZER_NONNULL = YES;
				CLANG_CXX_LANGUAGE_STANDARD = "gnu++0x";
				CLANG_CXX_LIBRARY = "libc++";
				CLANG_ENABLE_MODULES = YES;
				CLANG_ENABLE_OBJC_ARC = YES;
				CLANG_WARN_BOOL_CONVERSION = YES;
				CLANG_WARN_CONSTANT_CONVERSION = YES;
				CLANG_WARN_DIRECT_OBJC_ISA_USAGE = YES_ERROR;
				CLANG_WARN_DOCUMENTATION_COMMENTS = YES;
				CLANG_WARN_EMPTY_BODY = YES;
				CLANG_WARN_ENUM_CONVERSION = YES;
				CLANG_WARN_INFINITE_RECURSION = YES;
				CLANG_WARN_INT_CONVERSION = YES;
				CLANG_WARN_OBJC_ROOT_CLASS = YES_ERROR;
				CLANG_WARN_SUSPICIOUS_MOVE = YES;
				CLANG_WARN_UNREACHABLE_CODE = YES;
				CLANG_WARN__DUPLICATE_METHOD_MATCH = YES;
				"CODE_SIGN_IDENTITY[sdk=iphoneos*]" = "iPhone Developer";
				COPY_PHASE_STRIP = NO;
				DEBUG_INFORMATION_FORMAT = "dwarf-with-dsym";
				ENABLE_NS_ASSERTIONS = NO;
				ENABLE_STRICT_OBJC_MSGSEND = YES;
				GCC_C_LANGUAGE_STANDARD = gnu99;
				GCC_NO_COMMON_BLOCKS = YES;
				GCC_WARN_64_TO_32_BIT_CONVERSION = YES;
				GCC_WARN_ABOUT_RETURN_TYPE = YES_ERROR;
				GCC_WARN_UNDECLARED_SELECTOR = YES;
				GCC_WARN_UNINITIALIZED_AUTOS = YES_AGGRESSIVE;
				GCC_WARN_UNUSED_FUNCTION = YES;
				GCC_WARN_UNUSED_VARIABLE = YES;
				IPHONEOS_DEPLOYMENT_TARGET = 10.2;
				MTL_ENABLE_DEBUG_INFO = NO;
				SDKROOT = iphoneos;
				VALIDATE_PRODUCT = YES;
			};
			name = Release;
		};
		02ED56691E67EC6200D7CAF8 /* Debug */ = {
			isa = XCBuildConfiguration;
			buildSettings = {
				ASSETCATALOG_COMPILER_APPICON_NAME = AppIcon;
				INFOPLIST_FILE = "Ticket(NSThread)/Info.plist";
				LD_RUNPATH_SEARCH_PATHS = "$(inherited) @executable_path/Frameworks";
				PRODUCT_BUNDLE_IDENTIFIER = "com.onefboy.Ticket-NSThread-";
				PRODUCT_NAME = "$(TARGET_NAME)";
			};
			name = Debug;
		};
		02ED566A1E67EC6200D7CAF8 /* Release */ = {
			isa = XCBuildConfiguration;
			buildSettings = {
				ASSETCATALOG_COMPILER_APPICON_NAME = AppIcon;
				INFOPLIST_FILE = "Ticket(NSThread)/Info.plist";
				LD_RUNPATH_SEARCH_PATHS = "$(inherited) @executable_path/Frameworks";
				PRODUCT_BUNDLE_IDENTIFIER = "com.onefboy.Ticket-NSThread-";
				PRODUCT_NAME = "$(TARGET_NAME)";
			};
			name = Release;
		};
		02ED566C1E67EC6200D7CAF8 /* Debug */ = {
			isa = XCBuildConfiguration;
			buildSettings = {
				BUNDLE_LOADER = "$(TEST_HOST)";
				INFOPLIST_FILE = "Ticket(NSThread)Tests/Info.plist";
				LD_RUNPATH_SEARCH_PATHS = "$(inherited) @executable_path/Frameworks @loader_path/Frameworks";
				PRODUCT_BUNDLE_IDENTIFIER = "com.onefboy.Ticket-NSThread-Tests";
				PRODUCT_NAME = "$(TARGET_NAME)";
				TEST_HOST = "$(BUILT_PRODUCTS_DIR)/Ticket(NSThread).app/Ticket(NSThread)";
			};
			name = Debug;
		};
		02ED566D1E67EC6200D7CAF8 /* Release */ = {
			isa = XCBuildConfiguration;
			buildSettings = {
				BUNDLE_LOADER = "$(TEST_HOST)";
				INFOPLIST_FILE = "Ticket(NSThread)Tests/Info.plist";
				LD_RUNPATH_SEARCH_PATHS = "$(inherited) @executable_path/Frameworks @loader_path/Frameworks";
				PRODUCT_BUNDLE_IDENTIFIER = "com.onefboy.Ticket-NSThread-Tests";
				PRODUCT_NAME = "$(TARGET_NAME)";
				TEST_HOST = "$(BUILT_PRODUCTS_DIR)/Ticket(NSThread).app/Ticket(NSThread)";
			};
			name = Release;
		};
		02ED566F1E67EC6200D7CAF8 /* Debug */ = {
			isa = XCBuildConfiguration;
			buildSettings = {
				INFOPLIST_FILE = "Ticket(NSThread)UITests/Info.plist";
				LD_RUNPATH_SEARCH_PATHS = "$(inherited) @executable_path/Frameworks @loader_path/Frameworks";
				PRODUCT_BUNDLE_IDENTIFIER = "com.onefboy.Ticket-NSThread-UITests";
				PRODUCT_NAME = "$(TARGET_NAME)";
				TEST_TARGET_NAME = "Ticket(NSThread)";
			};
			name = Debug;
		};
		02ED56701E67EC6200D7CAF8 /* Release */ = {
			isa = XCBuildConfiguration;
			buildSettings = {
				INFOPLIST_FILE = "Ticket(NSThread)UITests/Info.plist";
				LD_RUNPATH_SEARCH_PATHS = "$(inherited) @executable_path/Frameworks @loader_path/Frameworks";
				PRODUCT_BUNDLE_IDENTIFIER = "com.onefboy.Ticket-NSThread-UITests";
				PRODUCT_NAME = "$(TARGET_NAME)";
				TEST_TARGET_NAME = "Ticket(NSThread)";
			};
			name = Release;
		};
/* End XCBuildConfiguration section */

/* Begin XCConfigurationList section */
		02ED56361E67EC6200D7CAF8 /* Build configuration list for PBXProject "Ticket(NSThread)" */ = {
			isa = XCConfigurationList;
			buildConfigurations = (
				02ED56661E67EC6200D7CAF8 /* Debug */,
				02ED56671E67EC6200D7CAF8 /* Release */,
			);
			defaultConfigurationIsVisible = 0;
			defaultConfigurationName = Release;
		};
		02ED56681E67EC6200D7CAF8 /* Build configuration list for PBXNativeTarget "Ticket(NSThread)" */ = {
			isa = XCConfigurationList;
			buildConfigurations = (
				02ED56691E67EC6200D7CAF8 /* Debug */,
				02ED566A1E67EC6200D7CAF8 /* Release */,
			);
			defaultConfigurationIsVisible = 0;
		};
		02ED566B1E67EC6200D7CAF8 /* Build configuration list for PBXNativeTarget "Ticket(NSThread)Tests" */ = {
			isa = XCConfigurationList;
			buildConfigurations = (
				02ED566C1E67EC6200D7CAF8 /* Debug */,
				02ED566D1E67EC6200D7CAF8 /* Release */,
			);
			defaultConfigurationIsVisible = 0;
		};
		02ED566E1E67EC6200D7CAF8 /* Build configuration list for PBXNativeTarget "Ticket(NSThread)UITests" */ = {
			isa = XCConfigurationList;
			buildConfigurations = (
				02ED566F1E67EC6200D7CAF8 /* Debug */,
				02ED56701E67EC6200D7CAF8 /* Release */,
			);
			defaultConfigurationIsVisible = 0;
		};
/* End XCConfigurationList section */
	};
	rootObject = 02ED56331E67EC6200D7CAF8 /* Project object */;
}
